// !$*UTF8*$!
{
	archiveVersion = 1;
	classes = {
	};
	objectVersion = 50;
	objects = {

/* Begin PBXBuildFile section */
		003D4AAE20836F2E00C6E4A0 /* AppDelegate.swift in Sources */ = {isa = PBXBuildFile; fileRef = 003D4AAD20836F2E00C6E4A0 /* AppDelegate.swift */; };
		003D4AB020836F2E00C6E4A0 /* Scene.sks in Resources */ = {isa = PBXBuildFile; fileRef = 003D4AAF20836F2E00C6E4A0 /* Scene.sks */; };
		003D4AB220836F2E00C6E4A0 /* Scene.swift in Sources */ = {isa = PBXBuildFile; fileRef = 003D4AB120836F2E00C6E4A0 /* Scene.swift */; };
		003D4AB420836F2E00C6E4A0 /* ViewController.swift in Sources */ = {isa = PBXBuildFile; fileRef = 003D4AB320836F2E00C6E4A0 /* ViewController.swift */; };
		003D4AB720836F2E00C6E4A0 /* Main.storyboard in Resources */ = {isa = PBXBuildFile; fileRef = 003D4AB520836F2E00C6E4A0 /* Main.storyboard */; };
		003D4AB920836F3000C6E4A0 /* Assets.xcassets in Resources */ = {isa = PBXBuildFile; fileRef = 003D4AB820836F3000C6E4A0 /* Assets.xcassets */; };
		003D4ABC20836F3000C6E4A0 /* LaunchScreen.storyboard in Resources */ = {isa = PBXBuildFile; fileRef = 003D4ABA20836F3000C6E4A0 /* LaunchScreen.storyboard */; };
		00C5AFE4208DF37000943839 /* ImageInformationViewController.swift in Sources */ = {isa = PBXBuildFile; fileRef = 00C5AFE3208DF37000943839 /* ImageInformationViewController.swift */; };
		580981F6228FC5F900387228 /* art.scnassets in Resources */ = {isa = PBXBuildFile; fileRef = 580981F5228FC5F900387228 /* art.scnassets */; };
		580981F8228FCEBD00387228 /* ARKit Glyph and Badge in Resources */ = {isa = PBXBuildFile; fileRef = 580981F7228FCEBD00387228 /* ARKit Glyph and Badge */; };
		580981FA228FCEF700387228 /* ARKit-Badge.png in Resources */ = {isa = PBXBuildFile; fileRef = 580981F9228FCEF700387228 /* ARKit-Badge.png */; };
		580981FC228FD14F00387228 /* Scene3DVC.swift in Sources */ = {isa = PBXBuildFile; fileRef = 580981FB228FD14F00387228 /* Scene3DVC.swift */; };
		5809821E2290CFCD00387228 /* GameView.swift in Sources */ = {isa = PBXBuildFile; fileRef = 5809821D2290CFCD00387228 /* GameView.swift */; };
		581EC3BE22A0DB7100291C3A /* AdministracionVC.swift in Sources */ = {isa = PBXBuildFile; fileRef = 581EC3BD22A0DB7100291C3A /* AdministracionVC.swift */; };
		581EC3C122A0DB8900291C3A /* CafeteriaVC.swift in Sources */ = {isa = PBXBuildFile; fileRef = 581EC3C022A0DB8900291C3A /* CafeteriaVC.swift */; };
		581EC3C322A0DB9700291C3A /* GymVC.swift in Sources */ = {isa = PBXBuildFile; fileRef = 581EC3C222A0DB9700291C3A /* GymVC.swift */; };
		581EC3C522A0DBA300291C3A /* AuroraVC.swift in Sources */ = {isa = PBXBuildFile; fileRef = 581EC3C422A0DBA300291C3A /* AuroraVC.swift */; };
		5865C41322A03965006DEB2F /* InformaticaVC.swift in Sources */ = {isa = PBXBuildFile; fileRef = 5865C41222A03965006DEB2F /* InformaticaVC.swift */; };
		58D14FD522962DD200907FB9 /* RectoriaVC.swift in Sources */ = {isa = PBXBuildFile; fileRef = 58D14FD422962DD200907FB9 /* RectoriaVC.swift */; };
		58D14FD7229633CF00907FB9 /* maxresdefault.jpg in Resources */ = {isa = PBXBuildFile; fileRef = 58D14FD6229633CF00907FB9 /* maxresdefault.jpg */; };
/* End PBXBuildFile section */

/* Begin PBXFileReference section */
		003D4AAA20836F2E00C6E4A0 /* ARMuseum.app */ = {isa = PBXFileReference; explicitFileType = wrapper.application; includeInIndex = 0; path = ARMuseum.app; sourceTree = BUILT_PRODUCTS_DIR; };
		003D4AAD20836F2E00C6E4A0 /* AppDelegate.swift */ = {isa = PBXFileReference; lastKnownFileType = sourcecode.swift; path = AppDelegate.swift; sourceTree = "<group>"; };
		003D4AAF20836F2E00C6E4A0 /* Scene.sks */ = {isa = PBXFileReference; lastKnownFileType = file.sks; path = Scene.sks; sourceTree = "<group>"; };
		003D4AB120836F2E00C6E4A0 /* Scene.swift */ = {isa = PBXFileReference; lastKnownFileType = sourcecode.swift; path = Scene.swift; sourceTree = "<group>"; };
		003D4AB320836F2E00C6E4A0 /* ViewController.swift */ = {isa = PBXFileReference; lastKnownFileType = sourcecode.swift; path = ViewController.swift; sourceTree = "<group>"; };
		003D4AB620836F2E00C6E4A0 /* Base */ = {isa = PBXFileReference; lastKnownFileType = file.storyboard; name = Base; path = Base.lproj/Main.storyboard; sourceTree = "<group>"; };
		003D4AB820836F3000C6E4A0 /* Assets.xcassets */ = {isa = PBXFileReference; lastKnownFileType = folder.assetcatalog; path = Assets.xcassets; sourceTree = "<group>"; };
		003D4ABB20836F3000C6E4A0 /* Base */ = {isa = PBXFileReference; lastKnownFileType = file.storyboard; name = Base; path = Base.lproj/LaunchScreen.storyboard; sourceTree = "<group>"; };
		003D4ABD20836F3100C6E4A0 /* Info.plist */ = {isa = PBXFileReference; lastKnownFileType = text.plist.xml; path = Info.plist; sourceTree = "<group>"; };
		004D308F2095D38600BA1C03 /* ARMuseum - Final App.m4v */ = {isa = PBXFileReference; lastKnownFileType = file; path = "ARMuseum - Final App.m4v"; sourceTree = "<group>"; };
		00C5AFE3208DF37000943839 /* ImageInformationViewController.swift */ = {isa = PBXFileReference; lastKnownFileType = sourcecode.swift; path = ImageInformationViewController.swift; sourceTree = "<group>"; };
		580981F5228FC5F900387228 /* art.scnassets */ = {isa = PBXFileReference; lastKnownFileType = wrapper.scnassets; path = art.scnassets; sourceTree = "<group>"; };
		580981F7228FCEBD00387228 /* ARKit Glyph and Badge */ = {isa = PBXFileReference; lastKnownFileType = folder; path = "ARKit Glyph and Badge"; sourceTree = "<group>"; };
		580981F9228FCEF700387228 /* ARKit-Badge.png */ = {isa = PBXFileReference; lastKnownFileType = image.png; path = "ARKit-Badge.png"; sourceTree = "<group>"; };
		580981FB228FD14F00387228 /* Scene3DVC.swift */ = {isa = PBXFileReference; lastKnownFileType = sourcecode.swift; path = Scene3DVC.swift; sourceTree = "<group>"; };
		5809821D2290CFCD00387228 /* GameView.swift */ = {isa = PBXFileReference; lastKnownFileType = sourcecode.swift; path = GameView.swift; sourceTree = "<group>"; };
		581EC3BD22A0DB7100291C3A /* AdministracionVC.swift */ = {isa = PBXFileReference; lastKnownFileType = sourcecode.swift; path = AdministracionVC.swift; sourceTree = "<group>"; };
		581EC3C022A0DB8900291C3A /* CafeteriaVC.swift */ = {isa = PBXFileReference; lastKnownFileType = sourcecode.swift; path = CafeteriaVC.swift; sourceTree = "<group>"; };
		581EC3C222A0DB9700291C3A /* GymVC.swift */ = {isa = PBXFileReference; lastKnownFileType = sourcecode.swift; path = GymVC.swift; sourceTree = "<group>"; };
		581EC3C422A0DBA300291C3A /* AuroraVC.swift */ = {isa = PBXFileReference; lastKnownFileType = sourcecode.swift; path = AuroraVC.swift; sourceTree = "<group>"; };
		5865C41222A03965006DEB2F /* InformaticaVC.swift */ = {isa = PBXFileReference; lastKnownFileType = sourcecode.swift; path = InformaticaVC.swift; sourceTree = "<group>"; };
		58D14FD422962DD200907FB9 /* RectoriaVC.swift */ = {isa = PBXFileReference; lastKnownFileType = sourcecode.swift; path = RectoriaVC.swift; sourceTree = "<group>"; };
		58D14FD6229633CF00907FB9 /* maxresdefault.jpg */ = {isa = PBXFileReference; lastKnownFileType = image.jpeg; path = maxresdefault.jpg; sourceTree = "<group>"; };
/* End PBXFileReference section */

/* Begin PBXFrameworksBuildPhase section */
		003D4AA720836F2E00C6E4A0 /* Frameworks */ = {
			isa = PBXFrameworksBuildPhase;
			buildActionMask = 2147483647;
			files = (
			);
			runOnlyForDeploymentPostprocessing = 0;
		};
/* End PBXFrameworksBuildPhase section */

/* Begin PBXGroup section */
		003D4AA120836F2E00C6E4A0 = {
			isa = PBXGroup;
			children = (
				003D4AAC20836F2E00C6E4A0 /* ARMuseum */,
				003D4AAB20836F2E00C6E4A0 /* Products */,
			);
			sourceTree = "<group>";
		};
		003D4AAB20836F2E00C6E4A0 /* Products */ = {
			isa = PBXGroup;
			children = (
				003D4AAA20836F2E00C6E4A0 /* ARMuseum.app */,
			);
			name = Products;
			sourceTree = "<group>";
		};
		003D4AAC20836F2E00C6E4A0 /* ARMuseum */ = {
			isa = PBXGroup;
			children = (
				580981F5228FC5F900387228 /* art.scnassets */,
				003D4AAD20836F2E00C6E4A0 /* AppDelegate.swift */,
				003D4AAF20836F2E00C6E4A0 /* Scene.sks */,
				003D4AB120836F2E00C6E4A0 /* Scene.swift */,
				58D14FD122962D4F00907FB9 /* SCENEViews */,
				003D4AB320836F2E00C6E4A0 /* ViewController.swift */,
				003D4AB520836F2E00C6E4A0 /* Main.storyboard */,
				580981FB228FD14F00387228 /* Scene3DVC.swift */,
				003D4ABA20836F3000C6E4A0 /* LaunchScreen.storyboard */,
				003D4ABD20836F3100C6E4A0 /* Info.plist */,
				003D4AB820836F3000C6E4A0 /* Assets.xcassets */,
				58D14FD6229633CF00907FB9 /* maxresdefault.jpg */,
				580981F9228FCEF700387228 /* ARKit-Badge.png */,
				00C5AFE3208DF37000943839 /* ImageInformationViewController.swift */,
				004D308F2095D38600BA1C03 /* ARMuseum - Final App.m4v */,
				580981F7228FCEBD00387228 /* ARKit Glyph and Badge */,
			);
			path = ARMuseum;
			sourceTree = "<group>";
		};
		581EC3BA22A0DB3A00291C3A /* Administracion */ = {
			isa = PBXGroup;
			children = (
				581EC3BD22A0DB7100291C3A /* AdministracionVC.swift */,
			);
			path = Administracion;
			sourceTree = "<group>";
		};
		581EC3BB22A0DB4400291C3A /* Cafeteria */ = {
			isa = PBXGroup;
			children = (
				581EC3C022A0DB8900291C3A /* CafeteriaVC.swift */,
			);
			path = Cafeteria;
			sourceTree = "<group>";
		};
		581EC3BC22A0DB5800291C3A /* Gym */ = {
			isa = PBXGroup;
			children = (
				581EC3C222A0DB9700291C3A /* GymVC.swift */,
			);
			path = Gym;
			sourceTree = "<group>";
		};
		581EC3BF22A0DB7700291C3A /* Aurora */ = {
			isa = PBXGroup;
			children = (
				581EC3C422A0DBA300291C3A /* AuroraVC.swift */,
			);
			path = Aurora;
			sourceTree = "<group>";
		};
		5865C41122A038D8006DEB2F /* Informatica */ = {
			isa = PBXGroup;
			children = (
				5865C41222A03965006DEB2F /* InformaticaVC.swift */,
			);
			path = Informatica;
			sourceTree = "<group>";
		};
		58D14FD122962D4F00907FB9 /* SCENEViews */ = {
			isa = PBXGroup;
			children = (
				581EC3BF22A0DB7700291C3A /* Aurora */,
				581EC3BC22A0DB5800291C3A /* Gym */,
				581EC3BB22A0DB4400291C3A /* Cafeteria */,
				581EC3BA22A0DB3A00291C3A /* Administracion */,
				5865C41122A038D8006DEB2F /* Informatica */,
				58D14FD322962D7600907FB9 /* Rectoria */,
				58D14FD222962D6D00907FB9 /* Biblioteca */,
			);
			path = SCENEViews;
			sourceTree = "<group>";
		};
		58D14FD222962D6D00907FB9 /* Biblioteca */ = {
			isa = PBXGroup;
			children = (
				5809821D2290CFCD00387228 /* GameView.swift */,
			);
			path = Biblioteca;
			sourceTree = "<group>";
		};
		58D14FD322962D7600907FB9 /* Rectoria */ = {
			isa = PBXGroup;
			children = (
				58D14FD422962DD200907FB9 /* RectoriaVC.swift */,
			);
			path = Rectoria;
			sourceTree = "<group>";
		};
/* End PBXGroup section */

/* Begin PBXNativeTarget section */
		003D4AA920836F2E00C6E4A0 /* ARMuseum */ = {
			isa = PBXNativeTarget;
			buildConfigurationList = 003D4AC020836F3100C6E4A0 /* Build configuration list for PBXNativeTarget "ARMuseum" */;
			buildPhases = (
				003D4AA620836F2E00C6E4A0 /* Sources */,
				003D4AA720836F2E00C6E4A0 /* Frameworks */,
				003D4AA820836F2E00C6E4A0 /* Resources */,
			);
			buildRules = (
			);
			dependencies = (
			);
			name = ARMuseum;
			productName = ARMuseum;
			productReference = 003D4AAA20836F2E00C6E4A0 /* ARMuseum.app */;
			productType = "com.apple.product-type.application";
		};
/* End PBXNativeTarget section */

/* Begin PBXProject section */
		003D4AA220836F2E00C6E4A0 /* Project object */ = {
			isa = PBXProject;
			attributes = {
				LastSwiftUpdateCheck = 0930;
				LastUpgradeCheck = 0930;
				ORGANIZATIONNAME = "code & co.";
				TargetAttributes = {
					003D4AA920836F2E00C6E4A0 = {
						CreatedOnToolsVersion = 9.3;
					};
				};
			};
			buildConfigurationList = 003D4AA520836F2E00C6E4A0 /* Build configuration list for PBXProject "ARMuseum" */;
			compatibilityVersion = "Xcode 9.3";
			developmentRegion = en;
			hasScannedForEncodings = 0;
			knownRegions = (
				en,
				Base,
			);
			mainGroup = 003D4AA120836F2E00C6E4A0;
			productRefGroup = 003D4AAB20836F2E00C6E4A0 /* Products */;
			projectDirPath = "";
			projectRoot = "";
			targets = (
				003D4AA920836F2E00C6E4A0 /* ARMuseum */,
			);
		};
/* End PBXProject section */

/* Begin PBXResourcesBuildPhase section */
		003D4AA820836F2E00C6E4A0 /* Resources */ = {
			isa = PBXResourcesBuildPhase;
			buildActionMask = 2147483647;
			files = (
				580981F8228FCEBD00387228 /* ARKit Glyph and Badge in Resources */,
				003D4AB020836F2E00C6E4A0 /* Scene.sks in Resources */,
				003D4ABC20836F3000C6E4A0 /* LaunchScreen.storyboard in Resources */,
				580981F6228FC5F900387228 /* art.scnassets in Resources */,
				580981FA228FCEF700387228 /* ARKit-Badge.png in Resources */,
				58D14FD7229633CF00907FB9 /* maxresdefault.jpg in Resources */,
				003D4AB920836F3000C6E4A0 /* Assets.xcassets in Resources */,
				003D4AB720836F2E00C6E4A0 /* Main.storyboard in Resources */,
			);
			runOnlyForDeploymentPostprocessing = 0;
		};
/* End PBXResourcesBuildPhase section */

/* Begin PBXSourcesBuildPhase section */
		003D4AA620836F2E00C6E4A0 /* Sources */ = {
			isa = PBXSourcesBuildPhase;
			buildActionMask = 2147483647;
			files = (
				003D4AB420836F2E00C6E4A0 /* ViewController.swift in Sources */,
				003D4AB220836F2E00C6E4A0 /* Scene.swift in Sources */,
				58D14FD522962DD200907FB9 /* RectoriaVC.swift in Sources */,
				581EC3C322A0DB9700291C3A /* GymVC.swift in Sources */,
				581EC3C522A0DBA300291C3A /* AuroraVC.swift in Sources */,
				581EC3C122A0DB8900291C3A /* CafeteriaVC.swift in Sources */,
				581EC3BE22A0DB7100291C3A /* AdministracionVC.swift in Sources */,
				003D4AAE20836F2E00C6E4A0 /* AppDelegate.swift in Sources */,
				5865C41322A03965006DEB2F /* InformaticaVC.swift in Sources */,
				580981FC228FD14F00387228 /* Scene3DVC.swift in Sources */,
				5809821E2290CFCD00387228 /* GameView.swift in Sources */,
				00C5AFE4208DF37000943839 /* ImageInformationViewController.swift in Sources */,
			);
			runOnlyForDeploymentPostprocessing = 0;
		};
/* End PBXSourcesBuildPhase section */

/* Begin PBXVariantGroup section */
		003D4AB520836F2E00C6E4A0 /* Main.storyboard */ = {
			isa = PBXVariantGroup;
			children = (
				003D4AB620836F2E00C6E4A0 /* Base */,
			);
			name = Main.storyboard;
			sourceTree = "<group>";
		};
		003D4ABA20836F3000C6E4A0 /* LaunchScreen.storyboard */ = {
			isa = PBXVariantGroup;
			children = (
				003D4ABB20836F3000C6E4A0 /* Base */,
			);
			name = LaunchScreen.storyboard;
			sourceTree = "<group>";
		};
/* End PBXVariantGroup section */

/* Begin XCBuildConfiguration section */
		003D4ABE20836F3100C6E4A0 /* Debug */ = {
			isa = XCBuildConfiguration;
			buildSettings = {
				ALWAYS_SEARCH_USER_PATHS = NO;
				CLANG_ANALYZER_NONNULL = YES;
				CLANG_ANALYZER_NUMBER_OBJECT_CONVERSION = YES_AGGRESSIVE;
				CLANG_CXX_LANGUAGE_STANDARD = "gnu++14";
				CLANG_CXX_LIBRARY = "libc++";
				CLANG_ENABLE_MODULES = YES;
				CLANG_ENABLE_OBJC_ARC = YES;
				CLANG_ENABLE_OBJC_WEAK = YES;
				CLANG_WARN_BLOCK_CAPTURE_AUTORELEASING = YES;
				CLANG_WARN_BOOL_CONVERSION = YES;
				CLANG_WARN_COMMA = YES;
				CLANG_WARN_CONSTANT_CONVERSION = YES;
				CLANG_WARN_DEPRECATED_OBJC_IMPLEMENTATIONS = YES;
				CLANG_WARN_DIRECT_OBJC_ISA_USAGE = YES_ERROR;
				CLANG_WARN_DOCUMENTATION_COMMENTS = YES;
				CLANG_WARN_EMPTY_BODY = YES;
				CLANG_WARN_ENUM_CONVERSION = YES;
				CLANG_WARN_INFINITE_RECURSION = YES;
				CLANG_WARN_INT_CONVERSION = YES;
				CLANG_WARN_NON_LITERAL_NULL_CONVERSION = YES;
				CLANG_WARN_OBJC_IMPLICIT_RETAIN_SELF = YES;
				CLANG_WARN_OBJC_LITERAL_CONVERSION = YES;
				CLANG_WARN_OBJC_ROOT_CLASS = YES_ERROR;
				CLANG_WARN_RANGE_LOOP_ANALYSIS = YES;
				CLANG_WARN_STRICT_PROTOTYPES = YES;
				CLANG_WARN_SUSPICIOUS_MOVE = YES;
				CLANG_WARN_UNGUARDED_AVAILABILITY = YES_AGGRESSIVE;
				CLANG_WARN_UNREACHABLE_CODE = YES;
				CLANG_WARN__DUPLICATE_METHOD_MATCH = YES;
				CODE_SIGN_IDENTITY = "-";
				COPY_PHASE_STRIP = NO;
				DEBUG_INFORMATION_FORMAT = dwarf;
				DEVELOPMENT_TEAM = 56EZW927G2;
				ENABLE_STRICT_OBJC_MSGSEND = YES;
				ENABLE_TESTABILITY = YES;
				GCC_C_LANGUAGE_STANDARD = gnu11;
				GCC_DYNAMIC_NO_PIC = NO;
				GCC_NO_COMMON_BLOCKS = YES;
				GCC_OPTIMIZATION_LEVEL = 0;
				GCC_PREPROCESSOR_DEFINITIONS = (
					"DEBUG=1",
					"$(inherited)",
				);
				GCC_WARN_64_TO_32_BIT_CONVERSION = YES;
				GCC_WARN_ABOUT_RETURN_TYPE = YES_ERROR;
				GCC_WARN_UNDECLARED_SELECTOR = YES;
				GCC_WARN_UNINITIALIZED_AUTOS = YES_AGGRESSIVE;
				GCC_WARN_UNUSED_FUNCTION = YES;
				GCC_WARN_UNUSED_VARIABLE = YES;
				IPHONEOS_DEPLOYMENT_TARGET = 11.3;
				MTL_ENABLE_DEBUG_INFO = YES;
				ONLY_ACTIVE_ARCH = YES;
				SDKROOT = iphoneos;
				SWIFT_ACTIVE_COMPILATION_CONDITIONS = DEBUG;
				SWIFT_OPTIMIZATION_LEVEL = "-Onone";
			};
			name = Debug;
		};
		003D4ABF20836F3100C6E4A0 /* Release */ = {
			isa = XCBuildConfiguration;
			buildSettings = {
				ALWAYS_SEARCH_USER_PATHS = NO;
				CLANG_ANALYZER_NONNULL = YES;
				CLANG_ANALYZER_NUMBER_OBJECT_CONVERSION = YES_AGGRESSIVE;
				CLANG_CXX_LANGUAGE_STANDARD = "gnu++14";
				CLANG_CXX_LIBRARY = "libc++";
				CLANG_ENABLE_MODULES = YES;
				CLANG_ENABLE_OBJC_ARC = YES;
				CLANG_ENABLE_OBJC_WEAK = YES;
				CLANG_WARN_BLOCK_CAPTURE_AUTORELEASING = YES;
				CLANG_WARN_BOOL_CONVERSION = YES;
				CLANG_WARN_COMMA = YES;
				CLANG_WARN_CONSTANT_CONVERSION = YES;
				CLANG_WARN_DEPRECATED_OBJC_IMPLEMENTATIONS = YES;
				CLANG_WARN_DIRECT_OBJC_ISA_USAGE = YES_ERROR;
				CLANG_WARN_DOCUMENTATION_COMMENTS = YES;
				CLANG_WARN_EMPTY_BODY = YES;
				CLANG_WARN_ENUM_CONVERSION = YES;
				CLANG_WARN_INFINITE_RECURSION = YES;
				CLANG_WARN_INT_CONVERSION = YES;
				CLANG_WARN_NON_LITERAL_NULL_CONVERSION = YES;
				CLANG_WARN_OBJC_IMPLICIT_RETAIN_SELF = YES;
				CLANG_WARN_OBJC_LITERAL_CONVERSION = YES;
				CLANG_WARN_OBJC_ROOT_CLASS = YES_ERROR;
				CLANG_WARN_RANGE_LOOP_ANALYSIS = YES;
				CLANG_WARN_STRICT_PROTOTYPES = YES;
				CLANG_WARN_SUSPICIOUS_MOVE = YES;
				CLANG_WARN_UNGUARDED_AVAILABILITY = YES_AGGRESSIVE;
				CLANG_WARN_UNREACHABLE_CODE = YES;
				CLANG_WARN__DUPLICATE_METHOD_MATCH = YES;
				CODE_SIGN_IDENTITY = "-";
				COPY_PHASE_STRIP = NO;
				DEBUG_INFORMATION_FORMAT = "dwarf-with-dsym";
				DEVELOPMENT_TEAM = 56EZW927G2;
				ENABLE_NS_ASSERTIONS = NO;
				ENABLE_STRICT_OBJC_MSGSEND = YES;
				GCC_C_LANGUAGE_STANDARD = gnu11;
				GCC_NO_COMMON_BLOCKS = YES;
				GCC_WARN_64_TO_32_BIT_CONVERSION = YES;
				GCC_WARN_ABOUT_RETURN_TYPE = YES_ERROR;
				GCC_WARN_UNDECLARED_SELECTOR = YES;
				GCC_WARN_UNINITIALIZED_AUTOS = YES_AGGRESSIVE;
				GCC_WARN_UNUSED_FUNCTION = YES;
				GCC_WARN_UNUSED_VARIABLE = YES;
				IPHONEOS_DEPLOYMENT_TARGET = 11.3;
				MTL_ENABLE_DEBUG_INFO = NO;
				SDKROOT = iphoneos;
				SWIFT_COMPILATION_MODE = wholemodule;
				SWIFT_OPTIMIZATION_LEVEL = "-O";
				VALIDATE_PRODUCT = YES;
			};
			name = Release;
		};
		003D4AC120836F3100C6E4A0 /* Debug */ = {
			isa = XCBuildConfiguration;
			buildSettings = {
				ASSETCATALOG_COMPILER_APPICON_NAME = AppIcon;
				CODE_SIGN_IDENTITY = "iPhone Developer";
				CODE_SIGN_INJECT_BASE_ENTITLEMENTS = YES;
				CODE_SIGN_STYLE = Automatic;
				DEVELOPMENT_TEAM = 56EZW927G2;
				INFOPLIST_FILE = ARMuseum/Info.plist;
				IPHONEOS_DEPLOYMENT_TARGET = 11.3;
				LD_RUNPATH_SEARCH_PATHS = (
					"$(inherited)",
					"@executable_path/Frameworks",
				);
				PRODUCT_BUNDLE_IDENTIFIER = com.codeandco.ARMuseum12;
				PRODUCT_NAME = "$(TARGET_NAME)";
				PROVISIONING_PROFILE_SPECIFIER = "";
				SWIFT_VERSION = 4.0;
				TARGETED_DEVICE_FAMILY = 1;
				TREAT_MISSING_BASELINES_AS_TEST_FAILURES = NO;
			};
			name = Debug;
		};
		003D4AC220836F3100C6E4A0 /* Release */ = {
			isa = XCBuildConfiguration;
			buildSettings = {
				ASSETCATALOG_COMPILER_APPICON_NAME = AppIcon;
				CODE_SIGN_IDENTITY = "iPhone Developer";
				CODE_SIGN_INJECT_BASE_ENTITLEMENTS = YES;
				CODE_SIGN_STYLE = Automatic;
				DEVELOPMENT_TEAM = 56EZW927G2;
				INFOPLIST_FILE = ARMuseum/Info.plist;
				IPHONEOS_DEPLOYMENT_TARGET = 11.3;
				LD_RUNPATH_SEARCH_PATHS = (
					"$(inherited)",
					"@executable_path/Frameworks",
				);
				PRODUCT_BUNDLE_IDENTIFIER = com.codeandco.ARMuseum12;
				PRODUCT_NAME = "$(TARGET_NAME)";
				PROVISIONING_PROFILE_SPECIFIER = "";
				SWIFT_VERSION = 4.0;
				TARGETED_DEVICE_FAMILY = 1;
				TREAT_MISSING_BASELINES_AS_TEST_FAILURES = NO;
			};
			name = Release;
		};
/* End XCBuildConfiguration section */

/* Begin XCConfigurationList section */
		003D4AA520836F2E00C6E4A0 /* Build configuration list for PBXProject "ARMuseum" */ = {
			isa = XCConfigurationList;
			buildConfigurations = (
				003D4ABE20836F3100C6E4A0 /* Debug */,
				003D4ABF20836F3100C6E4A0 /* Release */,
			);
			defaultConfigurationIsVisible = 0;
			defaultConfigurationName = Debug;
		};
		003D4AC020836F3100C6E4A0 /* Build configuration list for PBXNativeTarget "ARMuseum" */ = {
			isa = XCConfigurationList;
			buildConfigurations = (
				003D4AC120836F3100C6E4A0 /* Debug */,
				003D4AC220836F3100C6E4A0 /* Release */,
			);
			defaultConfigurationIsVisible = 0;
			defaultConfigurationName = Debug;
		};
/* End XCConfigurationList section */
	};
	rootObject = 003D4AA220836F2E00C6E4A0 /* Project object */;
}
